
Microsoft Visual Studio Solution File, Format Version 12.00
# Visual Studio Version 17
VisualStudioVersion = 17.7.34202.233
MinimumVisualStudioVersion = 10.0.40219.1
Project("{FAE04EC0-301F-11D3-BF4B-00C04F79EFBC}") = "CountriesAppWithRouting", "CountriesAppWithRouting\CountriesAppWithRouting.csproj", "{DE9873CE-F90D-4B0D-B01F-7296BF776EA2}"
EndProject
Global
	GlobalSection(SolutionConfigurationPlatforms) = preSolution
		Debug|Any CPU = Debug|Any CPU
		Release|Any CPU = Release|Any CPU
	EndGlobalSection
	GlobalSection(ProjectConfigurationPlatforms) = postSolution
		{DE9873CE-F90D-4B0D-B01F-7296BF776EA2}.Debug|Any CPU.ActiveCfg = Debug|Any CPU
		{DE9873CE-F90D-4B0D-B01F-7296BF776EA2}.Debug|Any CPU.Build.0 = Debug|Any CPU
		{DE9873CE-F90D-4B0D-B01F-7296BF776EA2}.Release|Any CPU.ActiveCfg = Release|Any CPU
		{DE9873CE-F90D-4B0D-B01F-7296BF776EA2}.Release|Any CPU.Build.0 = Release|Any CPU
	EndGlobalSection
	GlobalSection(SolutionProperties) = preSolution
		HideSolutionNode = FALSE
	EndGlobalSection
	GlobalSection(ExtensibilityGlobals) = postSolution
		SolutionGuid = {C475865E-82B0-44E2-9825-0021C207AEB3}
	EndGlobalSection
EndGlobal
